
Microsoft Visual Studio Solution File, Format Version 12.00
# Visual Studio Version 17
VisualStudioVersion = 17.5.33424.131
MinimumVisualStudioVersion = 10.0.40219.1
Project("{FAE04EC0-301F-11D3-BF4B-00C04F79EFBC}") = "Students_Affaires", "Students_Affaires\Students_Affaires.csproj", "{B14CEEE1-BA8E-4598-BC5B-0F083D3D7BF2}"
EndProject
Global
	GlobalSection(SolutionConfigurationPlatforms) = preSolution
		Debug|Any CPU = Debug|Any CPU
		Release|Any CPU = Release|Any CPU
	EndGlobalSection
	GlobalSection(ProjectConfigurationPlatforms) = postSolution
		{B14CEEE1-BA8E-4598-BC5B-0F083D3D7BF2}.Debug|Any CPU.ActiveCfg = Debug|Any CPU
		{B14CEEE1-BA8E-4598-BC5B-0F083D3D7BF2}.Debug|Any CPU.Build.0 = Debug|Any CPU
		{B14CEEE1-BA8E-4598-BC5B-0F083D3D7BF2}.Release|Any CPU.ActiveCfg = Release|Any CPU
		{B14CEEE1-BA8E-4598-BC5B-0F083D3D7BF2}.Release|Any CPU.Build.0 = Release|Any CPU
	EndGlobalSection
	GlobalSection(SolutionProperties) = preSolution
		HideSolutionNode = FALSE
	EndGlobalSection
	GlobalSection(ExtensibilityGlobals) = postSolution
		SolutionGuid = {2601A96C-CC19-4F61-BD15-799EFBC355B1}
	EndGlobalSection
EndGlobal
